// !$*UTF8*$!
{
	archiveVersion = 1;
	classes = {
	};
	objectVersion = 46;
	objects = {

/* Begin PBXBuildFile section */
		2A07D23B1B7AE5C90021E7CA /* Wattis-Regular.ttf in Resources */ = {isa = PBXBuildFile; fileRef = 2A07D23A1B7AE5C90021E7CA /* Wattis-Regular.ttf */; };
		2A189E291B9F5BFB008D605C /* BD.wav in Resources */ = {isa = PBXBuildFile; fileRef = 2A189E281B9F5BFB008D605C /* BD.wav */; };
		2A373EDA1B7AB25D004CFD99 /* main.m in Sources */ = {isa = PBXBuildFile; fileRef = 2A373ED91B7AB25D004CFD99 /* main.m */; };
		2A373EDD1B7AB25D004CFD99 /* AppDelegate.m in Sources */ = {isa = PBXBuildFile; fileRef = 2A373EDC1B7AB25D004CFD99 /* AppDelegate.m */; };
		2A373EE01B7AB25D004CFD99 /* ViewController.m in Sources */ = {isa = PBXBuildFile; fileRef = 2A373EDF1B7AB25D004CFD99 /* ViewController.m */; };
		2A373EE31B7AB25D004CFD99 /* Main.storyboard in Resources */ = {isa = PBXBuildFile; fileRef = 2A373EE11B7AB25D004CFD99 /* Main.storyboard */; };
		2A373EE51B7AB25D004CFD99 /* Images.xcassets in Resources */ = {isa = PBXBuildFile; fileRef = 2A373EE41B7AB25D004CFD99 /* Images.xcassets */; };
		2A373EE81B7AB25D004CFD99 /* LaunchScreen.xib in Resources */ = {isa = PBXBuildFile; fileRef = 2A373EE61B7AB25D004CFD99 /* LaunchScreen.xib */; };
		2A373EF41B7AB25D004CFD99 /* multiTests.m in Sources */ = {isa = PBXBuildFile; fileRef = 2A373EF31B7AB25D004CFD99 /* multiTests.m */; };
		93AD5A17277BC5030010AE42 /* Wattis-Regular.ttf in Resources */ = {isa = PBXBuildFile; fileRef = 2A07D23A1B7AE5C90021E7CA /* Wattis-Regular.ttf */; };
		93C77245274A9522005EFDEC /* Interface.storyboard in Resources */ = {isa = PBXBuildFile; fileRef = 93C77243274A9522005EFDEC /* Interface.storyboard */; };
		93C77247274A9524005EFDEC /* Assets.xcassets in Resources */ = {isa = PBXBuildFile; fileRef = 93C77246274A9524005EFDEC /* Assets.xcassets */; };
		93C7724D274A9524005EFDEC /* watch WatchKit Extension.appex in Embed App Extensions */ = {isa = PBXBuildFile; fileRef = 93C7724C274A9524005EFDEC /* watch WatchKit Extension.appex */; settings = {ATTRIBUTES = (RemoveHeadersOnCopy, ); }; };
		93C77253274A9524005EFDEC /* InterfaceController.m in Sources */ = {isa = PBXBuildFile; fileRef = 93C77252274A9524005EFDEC /* InterfaceController.m */; };
		93C77256274A9524005EFDEC /* ExtensionDelegate.m in Sources */ = {isa = PBXBuildFile; fileRef = 93C77255274A9524005EFDEC /* ExtensionDelegate.m */; };
		93C77259274A9524005EFDEC /* NotificationController.m in Sources */ = {isa = PBXBuildFile; fileRef = 93C77258274A9524005EFDEC /* NotificationController.m */; };
		93C7725C274A9524005EFDEC /* ComplicationController.m in Sources */ = {isa = PBXBuildFile; fileRef = 93C7725B274A9524005EFDEC /* ComplicationController.m */; };
		93C7725E274A9526005EFDEC /* Assets.xcassets in Resources */ = {isa = PBXBuildFile; fileRef = 93C7725D274A9526005EFDEC /* Assets.xcassets */; };
		93C7726A274A9526005EFDEC /* watchTests.m in Sources */ = {isa = PBXBuildFile; fileRef = 93C77269274A9526005EFDEC /* watchTests.m */; };
		93C77274274A9526005EFDEC /* watchUITests.m in Sources */ = {isa = PBXBuildFile; fileRef = 93C77273274A9526005EFDEC /* watchUITests.m */; };
		93C77276274A9526005EFDEC /* watchUITestsLaunchTests.m in Sources */ = {isa = PBXBuildFile; fileRef = 93C77275274A9526005EFDEC /* watchUITestsLaunchTests.m */; };
		93C77279274A9526005EFDEC /* Multi.app in Embed Watch Content */ = {isa = PBXBuildFile; fileRef = 93C77241274A9522005EFDEC /* Multi.app */; settings = {ATTRIBUTES = (RemoveHeadersOnCopy, ); }; };
		93C7728A274AA67E005EFDEC /* Wattis-Regular.ttf in Resources */ = {isa = PBXBuildFile; fileRef = 2A07D23A1B7AE5C90021E7CA /* Wattis-Regular.ttf */; };
/* End PBXBuildFile section */

/* Begin PBXContainerItemProxy section */
		2A373EEE1B7AB25D004CFD99 /* PBXContainerItemProxy */ = {
			isa = PBXContainerItemProxy;
			containerPortal = 2A373ECC1B7AB25D004CFD99 /* Project object */;
			proxyType = 1;
			remoteGlobalIDString = 2A373ED31B7AB25D004CFD99;
			remoteInfo = multi;
		};
		93C7724E274A9524005EFDEC /* PBXContainerItemProxy */ = {
			isa = PBXContainerItemProxy;
			containerPortal = 2A373ECC1B7AB25D004CFD99 /* Project object */;
			proxyType = 1;
			remoteGlobalIDString = 93C7724B274A9524005EFDEC;
			remoteInfo = "watch WatchKit Extension";
		};
		93C77266274A9526005EFDEC /* PBXContainerItemProxy */ = {
			isa = PBXContainerItemProxy;
			containerPortal = 2A373ECC1B7AB25D004CFD99 /* Project object */;
			proxyType = 1;
			remoteGlobalIDString = 93C7724B274A9524005EFDEC;
			remoteInfo = "watch WatchKit Extension";
		};
		93C77270274A9526005EFDEC /* PBXContainerItemProxy */ = {
			isa = PBXContainerItemProxy;
			containerPortal = 2A373ECC1B7AB25D004CFD99 /* Project object */;
			proxyType = 1;
			remoteGlobalIDString = 93C77240274A9522005EFDEC;
			remoteInfo = watch;
		};
		93C77277274A9526005EFDEC /* PBXContainerItemProxy */ = {
			isa = PBXContainerItemProxy;
			containerPortal = 2A373ECC1B7AB25D004CFD99 /* Project object */;
			proxyType = 1;
			remoteGlobalIDString = 93C77240274A9522005EFDEC;
			remoteInfo = watch;
		};
/* End PBXContainerItemProxy section */

/* Begin PBXCopyFilesBuildPhase section */
		93C7727A274A9526005EFDEC /* Embed Watch Content */ = {
			isa = PBXCopyFilesBuildPhase;
			buildActionMask = 2147483647;
			dstPath = "$(CONTENTS_FOLDER_PATH)/Watch";
			dstSubfolderSpec = 16;
			files = (
				93C77279274A9526005EFDEC /* Multi.app in Embed Watch Content */,
			);
			name = "Embed Watch Content";
			runOnlyForDeploymentPostprocessing = 0;
		};
		93C7727D274A9526005EFDEC /* Embed App Extensions */ = {
			isa = PBXCopyFilesBuildPhase;
			buildActionMask = 2147483647;
			dstPath = "";
			dstSubfolderSpec = 13;
			files = (
				93C7724D274A9524005EFDEC /* watch WatchKit Extension.appex in Embed App Extensions */,
			);
			name = "Embed App Extensions";
			runOnlyForDeploymentPostprocessing = 0;
		};
/* End PBXCopyFilesBuildPhase section */

/* Begin PBXFileReference section */
		07A38E24212B45B3003BBF32 /* multi.entitlements */ = {isa = PBXFileReference; lastKnownFileType = text.plist.entitlements; path = multi.entitlements; sourceTree = "<group>"; };
		2A07D23A1B7AE5C90021E7CA /* Wattis-Regular.ttf */ = {isa = PBXFileReference; lastKnownFileType = file; path = "Wattis-Regular.ttf"; sourceTree = "<group>"; };
		2A189E281B9F5BFB008D605C /* BD.wav */ = {isa = PBXFileReference; lastKnownFileType = audio.wav; path = BD.wav; sourceTree = "<group>"; };
		2A373ED41B7AB25D004CFD99 /* multi.app */ = {isa = PBXFileReference; explicitFileType = wrapper.application; includeInIndex = 0; path = multi.app; sourceTree = BUILT_PRODUCTS_DIR; };
		2A373ED81B7AB25D004CFD99 /* Info.plist */ = {isa = PBXFileReference; lastKnownFileType = text.plist.xml; path = Info.plist; sourceTree = "<group>"; };
		2A373ED91B7AB25D004CFD99 /* main.m */ = {isa = PBXFileReference; lastKnownFileType = sourcecode.c.objc; path = main.m; sourceTree = "<group>"; };
		2A373EDB1B7AB25D004CFD99 /* AppDelegate.h */ = {isa = PBXFileReference; lastKnownFileType = sourcecode.c.h; path = AppDelegate.h; sourceTree = "<group>"; };
		2A373EDC1B7AB25D004CFD99 /* AppDelegate.m */ = {isa = PBXFileReference; lastKnownFileType = sourcecode.c.objc; path = AppDelegate.m; sourceTree = "<group>"; };
		2A373EDE1B7AB25D004CFD99 /* ViewController.h */ = {isa = PBXFileReference; lastKnownFileType = sourcecode.c.h; path = ViewController.h; sourceTree = "<group>"; };
		2A373EDF1B7AB25D004CFD99 /* ViewController.m */ = {isa = PBXFileReference; lastKnownFileType = sourcecode.c.objc; path = ViewController.m; sourceTree = "<group>"; };
		2A373EE21B7AB25D004CFD99 /* Base */ = {isa = PBXFileReference; lastKnownFileType = file.storyboard; name = Base; path = Base.lproj/Main.storyboard; sourceTree = "<group>"; };
		2A373EE41B7AB25D004CFD99 /* Images.xcassets */ = {isa = PBXFileReference; lastKnownFileType = folder.assetcatalog; path = Images.xcassets; sourceTree = "<group>"; };
		2A373EE71B7AB25D004CFD99 /* Base */ = {isa = PBXFileReference; lastKnownFileType = file.xib; name = Base; path = Base.lproj/LaunchScreen.xib; sourceTree = "<group>"; };
		2A373EED1B7AB25D004CFD99 /* multiTests.xctest */ = {isa = PBXFileReference; explicitFileType = wrapper.cfbundle; includeInIndex = 0; path = multiTests.xctest; sourceTree = BUILT_PRODUCTS_DIR; };
		2A373EF21B7AB25D004CFD99 /* Info.plist */ = {isa = PBXFileReference; lastKnownFileType = text.plist.xml; path = Info.plist; sourceTree = "<group>"; };
		2A373EF31B7AB25D004CFD99 /* multiTests.m */ = {isa = PBXFileReference; lastKnownFileType = sourcecode.c.objc; path = multiTests.m; sourceTree = "<group>"; };
		93C77241274A9522005EFDEC /* Multi.app */ = {isa = PBXFileReference; explicitFileType = wrapper.application; includeInIndex = 0; path = Multi.app; sourceTree = BUILT_PRODUCTS_DIR; };
		93C77244274A9522005EFDEC /* Base */ = {isa = PBXFileReference; lastKnownFileType = file.storyboard; name = Base; path = Base.lproj/Interface.storyboard; sourceTree = "<group>"; };
		93C77246274A9524005EFDEC /* Assets.xcassets */ = {isa = PBXFileReference; lastKnownFileType = folder.assetcatalog; path = Assets.xcassets; sourceTree = "<group>"; };
		93C7724C274A9524005EFDEC /* watch WatchKit Extension.appex */ = {isa = PBXFileReference; explicitFileType = "wrapper.app-extension"; includeInIndex = 0; path = "watch WatchKit Extension.appex"; sourceTree = BUILT_PRODUCTS_DIR; };
		93C77251274A9524005EFDEC /* InterfaceController.h */ = {isa = PBXFileReference; lastKnownFileType = sourcecode.c.h; path = InterfaceController.h; sourceTree = "<group>"; };
		93C77252274A9524005EFDEC /* InterfaceController.m */ = {isa = PBXFileReference; lastKnownFileType = sourcecode.c.objc; path = InterfaceController.m; sourceTree = "<group>"; };
		93C77254274A9524005EFDEC /* ExtensionDelegate.h */ = {isa = PBXFileReference; lastKnownFileType = sourcecode.c.h; path = ExtensionDelegate.h; sourceTree = "<group>"; };
		93C77255274A9524005EFDEC /* ExtensionDelegate.m */ = {isa = PBXFileReference; lastKnownFileType = sourcecode.c.objc; path = ExtensionDelegate.m; sourceTree = "<group>"; };
		93C77257274A9524005EFDEC /* NotificationController.h */ = {isa = PBXFileReference; lastKnownFileType = sourcecode.c.h; path = NotificationController.h; sourceTree = "<group>"; };
		93C77258274A9524005EFDEC /* NotificationController.m */ = {isa = PBXFileReference; lastKnownFileType = sourcecode.c.objc; path = NotificationController.m; sourceTree = "<group>"; };
		93C7725A274A9524005EFDEC /* ComplicationController.h */ = {isa = PBXFileReference; lastKnownFileType = sourcecode.c.h; path = ComplicationController.h; sourceTree = "<group>"; };
		93C7725B274A9524005EFDEC /* ComplicationController.m */ = {isa = PBXFileReference; lastKnownFileType = sourcecode.c.objc; path = ComplicationController.m; sourceTree = "<group>"; };
		93C7725D274A9526005EFDEC /* Assets.xcassets */ = {isa = PBXFileReference; lastKnownFileType = folder.assetcatalog; path = Assets.xcassets; sourceTree = "<group>"; };
		93C7725F274A9526005EFDEC /* Info.plist */ = {isa = PBXFileReference; lastKnownFileType = text.plist.xml; path = Info.plist; sourceTree = "<group>"; };
		93C77260274A9526005EFDEC /* PushNotificationPayload.apns */ = {isa = PBXFileReference; lastKnownFileType = text; path = PushNotificationPayload.apns; sourceTree = "<group>"; };
		93C77265274A9526005EFDEC /* watchTests.xctest */ = {isa = PBXFileReference; explicitFileType = wrapper.cfbundle; includeInIndex = 0; path = watchTests.xctest; sourceTree = BUILT_PRODUCTS_DIR; };
		93C77269274A9526005EFDEC /* watchTests.m */ = {isa = PBXFileReference; lastKnownFileType = sourcecode.c.objc; path = watchTests.m; sourceTree = "<group>"; };
		93C7726F274A9526005EFDEC /* watchUITests.xctest */ = {isa = PBXFileReference; explicitFileType = wrapper.cfbundle; includeInIndex = 0; path = watchUITests.xctest; sourceTree = BUILT_PRODUCTS_DIR; };
		93C77273274A9526005EFDEC /* watchUITests.m */ = {isa = PBXFileReference; lastKnownFileType = sourcecode.c.objc; path = watchUITests.m; sourceTree = "<group>"; };
		93C77275274A9526005EFDEC /* watchUITestsLaunchTests.m */ = {isa = PBXFileReference; lastKnownFileType = sourcecode.c.objc; path = watchUITestsLaunchTests.m; sourceTree = "<group>"; };
/* End PBXFileReference section */

/* Begin PBXFrameworksBuildPhase section */
		2A373ED11B7AB25D004CFD99 /* Frameworks */ = {
			isa = PBXFrameworksBuildPhase;
			buildActionMask = 2147483647;
			files = (
			);
			runOnlyForDeploymentPostprocessing = 0;
		};
		2A373EEA1B7AB25D004CFD99 /* Frameworks */ = {
			isa = PBXFrameworksBuildPhase;
			buildActionMask = 2147483647;
			files = (
			);
			runOnlyForDeploymentPostprocessing = 0;
		};
		93C77249274A9524005EFDEC /* Frameworks */ = {
			isa = PBXFrameworksBuildPhase;
			buildActionMask = 2147483647;
			files = (
			);
			runOnlyForDeploymentPostprocessing = 0;
		};
		93C77262274A9526005EFDEC /* Frameworks */ = {
			isa = PBXFrameworksBuildPhase;
			buildActionMask = 2147483647;
			files = (
			);
			runOnlyForDeploymentPostprocessing = 0;
		};
		93C7726C274A9526005EFDEC /* Frameworks */ = {
			isa = PBXFrameworksBuildPhase;
			buildActionMask = 2147483647;
			files = (
			);
			runOnlyForDeploymentPostprocessing = 0;
		};
/* End PBXFrameworksBuildPhase section */

/* Begin PBXGroup section */
		2A373ECB1B7AB25D004CFD99 = {
			isa = PBXGroup;
			children = (
				2A373ED61B7AB25D004CFD99 /* multi */,
				2A373EF01B7AB25D004CFD99 /* multiTests */,
				93C77242274A9522005EFDEC /* watch */,
				93C77250274A9524005EFDEC /* watch WatchKit Extension */,
				93C77268274A9526005EFDEC /* watchTests */,
				93C77272274A9526005EFDEC /* watchUITests */,
				2A373ED51B7AB25D004CFD99 /* Products */,
			);
			sourceTree = "<group>";
		};
		2A373ED51B7AB25D004CFD99 /* Products */ = {
			isa = PBXGroup;
			children = (
				2A373ED41B7AB25D004CFD99 /* multi.app */,
				2A373EED1B7AB25D004CFD99 /* multiTests.xctest */,
				93C77241274A9522005EFDEC /* Multi.app */,
				93C7724C274A9524005EFDEC /* watch WatchKit Extension.appex */,
				93C77265274A9526005EFDEC /* watchTests.xctest */,
				93C7726F274A9526005EFDEC /* watchUITests.xctest */,
			);
			name = Products;
			sourceTree = "<group>";
		};
		2A373ED61B7AB25D004CFD99 /* multi */ = {
			isa = PBXGroup;
			children = (
				07A38E24212B45B3003BBF32 /* multi.entitlements */,
				2A189E281B9F5BFB008D605C /* BD.wav */,
				2A07D23A1B7AE5C90021E7CA /* Wattis-Regular.ttf */,
				2A373EDB1B7AB25D004CFD99 /* AppDelegate.h */,
				2A373EDC1B7AB25D004CFD99 /* AppDelegate.m */,
				2A373EDE1B7AB25D004CFD99 /* ViewController.h */,
				2A373EDF1B7AB25D004CFD99 /* ViewController.m */,
				2A373EE11B7AB25D004CFD99 /* Main.storyboard */,
				2A373EE41B7AB25D004CFD99 /* Images.xcassets */,
				2A373EE61B7AB25D004CFD99 /* LaunchScreen.xib */,
				2A373ED71B7AB25D004CFD99 /* Supporting Files */,
			);
			path = multi;
			sourceTree = "<group>";
		};
		2A373ED71B7AB25D004CFD99 /* Supporting Files */ = {
			isa = PBXGroup;
			children = (
				2A373ED81B7AB25D004CFD99 /* Info.plist */,
				2A373ED91B7AB25D004CFD99 /* main.m */,
			);
			name = "Supporting Files";
			sourceTree = "<group>";
		};
		2A373EF01B7AB25D004CFD99 /* multiTests */ = {
			isa = PBXGroup;
			children = (
				2A373EF31B7AB25D004CFD99 /* multiTests.m */,
				2A373EF11B7AB25D004CFD99 /* Supporting Files */,
			);
			path = multiTests;
			sourceTree = "<group>";
		};
		2A373EF11B7AB25D004CFD99 /* Supporting Files */ = {
			isa = PBXGroup;
			children = (
				2A373EF21B7AB25D004CFD99 /* Info.plist */,
			);
			name = "Supporting Files";
			sourceTree = "<group>";
		};
		93C77242274A9522005EFDEC /* watch */ = {
			isa = PBXGroup;
			children = (
				93C77243274A9522005EFDEC /* Interface.storyboard */,
				93C77246274A9524005EFDEC /* Assets.xcassets */,
			);
			path = watch;
			sourceTree = "<group>";
		};
		93C77250274A9524005EFDEC /* watch WatchKit Extension */ = {
			isa = PBXGroup;
			children = (
				93C77251274A9524005EFDEC /* InterfaceController.h */,
				93C77252274A9524005EFDEC /* InterfaceController.m */,
				93C77254274A9524005EFDEC /* ExtensionDelegate.h */,
				93C77255274A9524005EFDEC /* ExtensionDelegate.m */,
				93C77257274A9524005EFDEC /* NotificationController.h */,
				93C77258274A9524005EFDEC /* NotificationController.m */,
				93C7725A274A9524005EFDEC /* ComplicationController.h */,
				93C7725B274A9524005EFDEC /* ComplicationController.m */,
				93C7725D274A9526005EFDEC /* Assets.xcassets */,
				93C7725F274A9526005EFDEC /* Info.plist */,
				93C77260274A9526005EFDEC /* PushNotificationPayload.apns */,
			);
			path = "watch WatchKit Extension";
			sourceTree = "<group>";
		};
		93C77268274A9526005EFDEC /* watchTests */ = {
			isa = PBXGroup;
			children = (
				93C77269274A9526005EFDEC /* watchTests.m */,
			);
			path = watchTests;
			sourceTree = "<group>";
		};
		93C77272274A9526005EFDEC /* watchUITests */ = {
			isa = PBXGroup;
			children = (
				93C77273274A9526005EFDEC /* watchUITests.m */,
				93C77275274A9526005EFDEC /* watchUITestsLaunchTests.m */,
			);
			path = watchUITests;
			sourceTree = "<group>";
		};
/* End PBXGroup section */

/* Begin PBXNativeTarget section */
		2A373ED31B7AB25D004CFD99 /* multi */ = {
			isa = PBXNativeTarget;
			buildConfigurationList = 2A373EF71B7AB25D004CFD99 /* Build configuration list for PBXNativeTarget "multi" */;
			buildPhases = (
				2A373ED01B7AB25D004CFD99 /* Sources */,
				2A373ED11B7AB25D004CFD99 /* Frameworks */,
				2A373ED21B7AB25D004CFD99 /* Resources */,
				93C7727A274A9526005EFDEC /* Embed Watch Content */,
			);
			buildRules = (
			);
			dependencies = (
				93C77278274A9526005EFDEC /* PBXTargetDependency */,
			);
			name = multi;
			productName = multi;
			productReference = 2A373ED41B7AB25D004CFD99 /* multi.app */;
			productType = "com.apple.product-type.application";
		};
		2A373EEC1B7AB25D004CFD99 /* multiTests */ = {
			isa = PBXNativeTarget;
			buildConfigurationList = 2A373EFA1B7AB25D004CFD99 /* Build configuration list for PBXNativeTarget "multiTests" */;
			buildPhases = (
				2A373EE91B7AB25D004CFD99 /* Sources */,
				2A373EEA1B7AB25D004CFD99 /* Frameworks */,
				2A373EEB1B7AB25D004CFD99 /* Resources */,
			);
			buildRules = (
			);
			dependencies = (
				2A373EEF1B7AB25D004CFD99 /* PBXTargetDependency */,
			);
			name = multiTests;
			productName = multiTests;
			productReference = 2A373EED1B7AB25D004CFD99 /* multiTests.xctest */;
			productType = "com.apple.product-type.bundle.unit-test";
		};
		93C77240274A9522005EFDEC /* watch */ = {
			isa = PBXNativeTarget;
			buildConfigurationList = 93C77285274A9526005EFDEC /* Build configuration list for PBXNativeTarget "watch" */;
			buildPhases = (
				93C7723F274A9522005EFDEC /* Resources */,
				93C7727D274A9526005EFDEC /* Embed App Extensions */,
			);
			buildRules = (
			);
			dependencies = (
				93C7724F274A9524005EFDEC /* PBXTargetDependency */,
			);
			name = watch;
			productName = watch;
			productReference = 93C77241274A9522005EFDEC /* Multi.app */;
			productType = "com.apple.product-type.application.watchapp2";
		};
		93C7724B274A9524005EFDEC /* watch WatchKit Extension */ = {
			isa = PBXNativeTarget;
			buildConfigurationList = 93C77284274A9526005EFDEC /* Build configuration list for PBXNativeTarget "watch WatchKit Extension" */;
			buildPhases = (
				93C77248274A9524005EFDEC /* Sources */,
				93C77249274A9524005EFDEC /* Frameworks */,
				93C7724A274A9524005EFDEC /* Resources */,
			);
			buildRules = (
			);
			dependencies = (
			);
			name = "watch WatchKit Extension";
			productName = "watch WatchKit Extension";
			productReference = 93C7724C274A9524005EFDEC /* watch WatchKit Extension.appex */;
			productType = "com.apple.product-type.watchkit2-extension";
		};
		93C77264274A9526005EFDEC /* watchTests */ = {
			isa = PBXNativeTarget;
			buildConfigurationList = 93C77286274A9526005EFDEC /* Build configuration list for PBXNativeTarget "watchTests" */;
			buildPhases = (
				93C77261274A9526005EFDEC /* Sources */,
				93C77262274A9526005EFDEC /* Frameworks */,
				93C77263274A9526005EFDEC /* Resources */,
			);
			buildRules = (
			);
			dependencies = (
				93C77267274A9526005EFDEC /* PBXTargetDependency */,
			);
			name = watchTests;
			productName = watchTests;
			productReference = 93C77265274A9526005EFDEC /* watchTests.xctest */;
			productType = "com.apple.product-type.bundle.unit-test";
		};
		93C7726E274A9526005EFDEC /* watchUITests */ = {
			isa = PBXNativeTarget;
			buildConfigurationList = 93C77287274A9526005EFDEC /* Build configuration list for PBXNativeTarget "watchUITests" */;
			buildPhases = (
				93C7726B274A9526005EFDEC /* Sources */,
				93C7726C274A9526005EFDEC /* Frameworks */,
				93C7726D274A9526005EFDEC /* Resources */,
			);
			buildRules = (
			);
			dependencies = (
				93C77271274A9526005EFDEC /* PBXTargetDependency */,
			);
			name = watchUITests;
			productName = watchUITests;
			productReference = 93C7726F274A9526005EFDEC /* watchUITests.xctest */;
			productType = "com.apple.product-type.bundle.ui-testing";
		};
/* End PBXNativeTarget section */

/* Begin PBXProject section */
		2A373ECC1B7AB25D004CFD99 /* Project object */ = {
			isa = PBXProject;
			attributes = {
				LastUpgradeCheck = 1310;
				ORGANIZATIONNAME = "O-R-G, Inc.";
				TargetAttributes = {
					2A373ED31B7AB25D004CFD99 = {
						CreatedOnToolsVersion = 6.4;
						DevelopmentTeam = 2T5W462SEL;
						SystemCapabilities = {
							com.apple.iCloud = {
								enabled = 0;
							};
						};
					};
					2A373EEC1B7AB25D004CFD99 = {
						CreatedOnToolsVersion = 6.4;
						TestTargetID = 2A373ED31B7AB25D004CFD99;
					};
					93C77240274A9522005EFDEC = {
						CreatedOnToolsVersion = 13.1;
						DevelopmentTeam = 2T5W462SEL;
						ProvisioningStyle = Automatic;
					};
					93C7724B274A9524005EFDEC = {
						CreatedOnToolsVersion = 13.1;
						DevelopmentTeam = 2T5W462SEL;
						ProvisioningStyle = Automatic;
					};
					93C77264274A9526005EFDEC = {
						CreatedOnToolsVersion = 13.1;
						DevelopmentTeam = 2T5W462SEL;
						ProvisioningStyle = Automatic;
						TestTargetID = 93C7724B274A9524005EFDEC;
					};
					93C7726E274A9526005EFDEC = {
						CreatedOnToolsVersion = 13.1;
						DevelopmentTeam = 2T5W462SEL;
						ProvisioningStyle = Automatic;
						TestTargetID = 93C77240274A9522005EFDEC;
					};
				};
			};
			buildConfigurationList = 2A373ECF1B7AB25D004CFD99 /* Build configuration list for PBXProject "multi" */;
			compatibilityVersion = "Xcode 3.2";
			developmentRegion = en;
			hasScannedForEncodings = 0;
			knownRegions = (
				en,
				Base,
			);
			mainGroup = 2A373ECB1B7AB25D004CFD99;
			productRefGroup = 2A373ED51B7AB25D004CFD99 /* Products */;
			projectDirPath = "";
			projectRoot = "";
			targets = (
				2A373ED31B7AB25D004CFD99 /* multi */,
				2A373EEC1B7AB25D004CFD99 /* multiTests */,
				93C77240274A9522005EFDEC /* watch */,
				93C7724B274A9524005EFDEC /* watch WatchKit Extension */,
				93C77264274A9526005EFDEC /* watchTests */,
				93C7726E274A9526005EFDEC /* watchUITests */,
			);
		};
/* End PBXProject section */

/* Begin PBXResourcesBuildPhase section */
		2A373ED21B7AB25D004CFD99 /* Resources */ = {
			isa = PBXResourcesBuildPhase;
			buildActionMask = 2147483647;
			files = (
				2A189E291B9F5BFB008D605C /* BD.wav in Resources */,
				2A373EE31B7AB25D004CFD99 /* Main.storyboard in Resources */,
				2A07D23B1B7AE5C90021E7CA /* Wattis-Regular.ttf in Resources */,
				2A373EE81B7AB25D004CFD99 /* LaunchScreen.xib in Resources */,
				2A373EE51B7AB25D004CFD99 /* Images.xcassets in Resources */,
			);
			runOnlyForDeploymentPostprocessing = 0;
		};
		2A373EEB1B7AB25D004CFD99 /* Resources */ = {
			isa = PBXResourcesBuildPhase;
			buildActionMask = 2147483647;
			files = (
			);
			runOnlyForDeploymentPostprocessing = 0;
		};
		93C7723F274A9522005EFDEC /* Resources */ = {
			isa = PBXResourcesBuildPhase;
			buildActionMask = 2147483647;
			files = (
				93AD5A17277BC5030010AE42 /* Wattis-Regular.ttf in Resources */,
				93C77247274A9524005EFDEC /* Assets.xcassets in Resources */,
				93C77245274A9522005EFDEC /* Interface.storyboard in Resources */,
			);
			runOnlyForDeploymentPostprocessing = 0;
		};
		93C7724A274A9524005EFDEC /* Resources */ = {
			isa = PBXResourcesBuildPhase;
			buildActionMask = 2147483647;
			files = (
				93C7725E274A9526005EFDEC /* Assets.xcassets in Resources */,
				93C7728A274AA67E005EFDEC /* Wattis-Regular.ttf in Resources */,
			);
			runOnlyForDeploymentPostprocessing = 0;
		};
		93C77263274A9526005EFDEC /* Resources */ = {
			isa = PBXResourcesBuildPhase;
			buildActionMask = 2147483647;
			files = (
			);
			runOnlyForDeploymentPostprocessing = 0;
		};
		93C7726D274A9526005EFDEC /* Resources */ = {
			isa = PBXResourcesBuildPhase;
			buildActionMask = 2147483647;
			files = (
			);
			runOnlyForDeploymentPostprocessing = 0;
		};
/* End PBXResourcesBuildPhase section */

/* Begin PBXSourcesBuildPhase section */
		2A373ED01B7AB25D004CFD99 /* Sources */ = {
			isa = PBXSourcesBuildPhase;
			buildActionMask = 2147483647;
			files = (
				2A373EE01B7AB25D004CFD99 /* ViewController.m in Sources */,
				2A373EDD1B7AB25D004CFD99 /* AppDelegate.m in Sources */,
				2A373EDA1B7AB25D004CFD99 /* main.m in Sources */,
			);
			runOnlyForDeploymentPostprocessing = 0;
		};
		2A373EE91B7AB25D004CFD99 /* Sources */ = {
			isa = PBXSourcesBuildPhase;
			buildActionMask = 2147483647;
			files = (
				2A373EF41B7AB25D004CFD99 /* multiTests.m in Sources */,
			);
			runOnlyForDeploymentPostprocessing = 0;
		};
		93C77248274A9524005EFDEC /* Sources */ = {
			isa = PBXSourcesBuildPhase;
			buildActionMask = 2147483647;
			files = (
				93C77256274A9524005EFDEC /* ExtensionDelegate.m in Sources */,
				93C7725C274A9524005EFDEC /* ComplicationController.m in Sources */,
				93C77253274A9524005EFDEC /* InterfaceController.m in Sources */,
				93C77259274A9524005EFDEC /* NotificationController.m in Sources */,
			);
			runOnlyForDeploymentPostprocessing = 0;
		};
		93C77261274A9526005EFDEC /* Sources */ = {
			isa = PBXSourcesBuildPhase;
			buildActionMask = 2147483647;
			files = (
				93C7726A274A9526005EFDEC /* watchTests.m in Sources */,
			);
			runOnlyForDeploymentPostprocessing = 0;
		};
		93C7726B274A9526005EFDEC /* Sources */ = {
			isa = PBXSourcesBuildPhase;
			buildActionMask = 2147483647;
			files = (
				93C77276274A9526005EFDEC /* watchUITestsLaunchTests.m in Sources */,
				93C77274274A9526005EFDEC /* watchUITests.m in Sources */,
			);
			runOnlyForDeploymentPostprocessing = 0;
		};
/* End PBXSourcesBuildPhase section */

/* Begin PBXTargetDependency section */
		2A373EEF1B7AB25D004CFD99 /* PBXTargetDependency */ = {
			isa = PBXTargetDependency;
			target = 2A373ED31B7AB25D004CFD99 /* multi */;
			targetProxy = 2A373EEE1B7AB25D004CFD99 /* PBXContainerItemProxy */;
		};
		93C7724F274A9524005EFDEC /* PBXTargetDependency */ = {
			isa = PBXTargetDependency;
			target = 93C7724B274A9524005EFDEC /* watch WatchKit Extension */;
			targetProxy = 93C7724E274A9524005EFDEC /* PBXContainerItemProxy */;
		};
		93C77267274A9526005EFDEC /* PBXTargetDependency */ = {
			isa = PBXTargetDependency;
			target = 93C7724B274A9524005EFDEC /* watch WatchKit Extension */;
			targetProxy = 93C77266274A9526005EFDEC /* PBXContainerItemProxy */;
		};
		93C77271274A9526005EFDEC /* PBXTargetDependency */ = {
			isa = PBXTargetDependency;
			target = 93C77240274A9522005EFDEC /* watch */;
			targetProxy = 93C77270274A9526005EFDEC /* PBXContainerItemProxy */;
		};
		93C77278274A9526005EFDEC /* PBXTargetDependency */ = {
			isa = PBXTargetDependency;
			target = 93C77240274A9522005EFDEC /* watch */;
			targetProxy = 93C77277274A9526005EFDEC /* PBXContainerItemProxy */;
		};
/* End PBXTargetDependency section */

/* Begin PBXVariantGroup section */
		2A373EE11B7AB25D004CFD99 /* Main.storyboard */ = {
			isa = PBXVariantGroup;
			children = (
				2A373EE21B7AB25D004CFD99 /* Base */,
			);
			name = Main.storyboard;
			sourceTree = "<group>";
		};
		2A373EE61B7AB25D004CFD99 /* LaunchScreen.xib */ = {
			isa = PBXVariantGroup;
			children = (
				2A373EE71B7AB25D004CFD99 /* Base */,
			);
			name = LaunchScreen.xib;
			sourceTree = "<group>";
		};
		93C77243274A9522005EFDEC /* Interface.storyboard */ = {
			isa = PBXVariantGroup;
			children = (
				93C77244274A9522005EFDEC /* Base */,
			);
			name = Interface.storyboard;
			sourceTree = "<group>";
		};
/* End PBXVariantGroup section */

/* Begin XCBuildConfiguration section */
		2A373EF51B7AB25D004CFD99 /* Debug */ = {
			isa = XCBuildConfiguration;
			buildSettings = {
				ALWAYS_SEARCH_USER_PATHS = NO;
				CLANG_ANALYZER_LOCALIZABILITY_NONLOCALIZED = YES;
				CLANG_CXX_LANGUAGE_STANDARD = "gnu++0x";
				CLANG_CXX_LIBRARY = "libc++";
				CLANG_ENABLE_MODULES = YES;
				CLANG_ENABLE_OBJC_ARC = YES;
				CLANG_WARN_BLOCK_CAPTURE_AUTORELEASING = YES;
				CLANG_WARN_BOOL_CONVERSION = YES;
				CLANG_WARN_COMMA = YES;
				CLANG_WARN_CONSTANT_CONVERSION = YES;
				CLANG_WARN_DEPRECATED_OBJC_IMPLEMENTATIONS = YES;
				CLANG_WARN_DIRECT_OBJC_ISA_USAGE = YES_ERROR;
				CLANG_WARN_EMPTY_BODY = YES;
				CLANG_WARN_ENUM_CONVERSION = YES;
				CLANG_WARN_INFINITE_RECURSION = YES;
				CLANG_WARN_INT_CONVERSION = YES;
				CLANG_WARN_NON_LITERAL_NULL_CONVERSION = YES;
				CLANG_WARN_OBJC_IMPLICIT_RETAIN_SELF = YES;
				CLANG_WARN_OBJC_LITERAL_CONVERSION = YES;
				CLANG_WARN_OBJC_ROOT_CLASS = YES_ERROR;
				CLANG_WARN_QUOTED_INCLUDE_IN_FRAMEWORK_HEADER = YES;
				CLANG_WARN_RANGE_LOOP_ANALYSIS = YES;
				CLANG_WARN_STRICT_PROTOTYPES = NO;
				CLANG_WARN_SUSPICIOUS_MOVE = YES;
				CLANG_WARN_UNREACHABLE_CODE = YES;
				CLANG_WARN__DUPLICATE_METHOD_MATCH = YES;
				"CODE_SIGN_IDENTITY[sdk=iphoneos*]" = "iPhone Developer";
				COPY_PHASE_STRIP = NO;
				DEBUG_INFORMATION_FORMAT = "dwarf-with-dsym";
				ENABLE_STRICT_OBJC_MSGSEND = YES;
				ENABLE_TESTABILITY = YES;
				GCC_C_LANGUAGE_STANDARD = gnu99;
				GCC_DYNAMIC_NO_PIC = NO;
				GCC_NO_COMMON_BLOCKS = YES;
				GCC_OPTIMIZATION_LEVEL = 0;
				GCC_PREPROCESSOR_DEFINITIONS = (
					"DEBUG=1",
					"$(inherited)",
				);
				GCC_SYMBOLS_PRIVATE_EXTERN = NO;
				GCC_WARN_64_TO_32_BIT_CONVERSION = YES;
				GCC_WARN_ABOUT_RETURN_TYPE = YES_ERROR;
				GCC_WARN_UNDECLARED_SELECTOR = YES;
				GCC_WARN_UNINITIALIZED_AUTOS = YES_AGGRESSIVE;
				GCC_WARN_UNUSED_FUNCTION = YES;
				GCC_WARN_UNUSED_VARIABLE = YES;
				IPHONEOS_DEPLOYMENT_TARGET = 12.0;
				MTL_ENABLE_DEBUG_INFO = YES;
				ONLY_ACTIVE_ARCH = YES;
				SDKROOT = iphoneos;
				TARGETED_DEVICE_FAMILY = "1,2";
			};
			name = Debug;
		};
		2A373EF61B7AB25D004CFD99 /* Release */ = {
			isa = XCBuildConfiguration;
			buildSettings = {
				ALWAYS_SEARCH_USER_PATHS = NO;
				CLANG_ANALYZER_LOCALIZABILITY_NONLOCALIZED = YES;
				CLANG_CXX_LANGUAGE_STANDARD = "gnu++0x";
				CLANG_CXX_LIBRARY = "libc++";
				CLANG_ENABLE_MODULES = YES;
				CLANG_ENABLE_OBJC_ARC = YES;
				CLANG_WARN_BLOCK_CAPTURE_AUTORELEASING = YES;
				CLANG_WARN_BOOL_CONVERSION = YES;
				CLANG_WARN_COMMA = YES;
				CLANG_WARN_CONSTANT_CONVERSION = YES;
				CLANG_WARN_DEPRECATED_OBJC_IMPLEMENTATIONS = YES;
				CLANG_WARN_DIRECT_OBJC_ISA_USAGE = YES_ERROR;
				CLANG_WARN_EMPTY_BODY = YES;
				CLANG_WARN_ENUM_CONVERSION = YES;
				CLANG_WARN_INFINITE_RECURSION = YES;
				CLANG_WARN_INT_CONVERSION = YES;
				CLANG_WARN_NON_LITERAL_NULL_CONVERSION = YES;
				CLANG_WARN_OBJC_IMPLICIT_RETAIN_SELF = YES;
				CLANG_WARN_OBJC_LITERAL_CONVERSION = YES;
				CLANG_WARN_OBJC_ROOT_CLASS = YES_ERROR;
				CLANG_WARN_QUOTED_INCLUDE_IN_FRAMEWORK_HEADER = YES;
				CLANG_WARN_RANGE_LOOP_ANALYSIS = YES;
				CLANG_WARN_STRICT_PROTOTYPES = NO;
				CLANG_WARN_SUSPICIOUS_MOVE = YES;
				CLANG_WARN_UNREACHABLE_CODE = YES;
				CLANG_WARN__DUPLICATE_METHOD_MATCH = YES;
				"CODE_SIGN_IDENTITY[sdk=iphoneos*]" = "iPhone Developer";
				COPY_PHASE_STRIP = NO;
				DEBUG_INFORMATION_FORMAT = "dwarf-with-dsym";
				ENABLE_NS_ASSERTIONS = NO;
				ENABLE_STRICT_OBJC_MSGSEND = YES;
				GCC_C_LANGUAGE_STANDARD = gnu99;
				GCC_NO_COMMON_BLOCKS = YES;
				GCC_WARN_64_TO_32_BIT_CONVERSION = YES;
				GCC_WARN_ABOUT_RETURN_TYPE = YES_ERROR;
				GCC_WARN_UNDECLARED_SELECTOR = YES;
				GCC_WARN_UNINITIALIZED_AUTOS = YES_AGGRESSIVE;
				GCC_WARN_UNUSED_FUNCTION = YES;
				GCC_WARN_UNUSED_VARIABLE = YES;
				IPHONEOS_DEPLOYMENT_TARGET = 12.0;
				MTL_ENABLE_DEBUG_INFO = NO;
				SDKROOT = iphoneos;
				TARGETED_DEVICE_FAMILY = "1,2";
				VALIDATE_PRODUCT = YES;
			};
			name = Release;
		};
		2A373EF81B7AB25D004CFD99 /* Debug */ = {
			isa = XCBuildConfiguration;
			buildSettings = {
				ASSETCATALOG_COMPILER_APPICON_NAME = AppIcon;
				CODE_SIGN_IDENTITY = "iPhone Developer";
				"CODE_SIGN_IDENTITY[sdk=iphoneos*]" = "iPhone Developer";
				DEVELOPMENT_TEAM = 2T5W462SEL;
				INFOPLIST_FILE = multi/Info.plist;
				IPHONEOS_DEPLOYMENT_TARGET = 12.0;
				LD_RUNPATH_SEARCH_PATHS = "$(inherited) @executable_path/Frameworks";
				MARKETING_VERSION = 1.0;
				PRODUCT_BUNDLE_IDENTIFIER = "com.o-r-g.multi";
				PRODUCT_NAME = "$(TARGET_NAME)";
				PROVISIONING_PROFILE = "";
			};
			name = Debug;
		};
		2A373EF91B7AB25D004CFD99 /* Release */ = {
			isa = XCBuildConfiguration;
			buildSettings = {
				ASSETCATALOG_COMPILER_APPICON_NAME = AppIcon;
				CODE_SIGN_IDENTITY = "iPhone Developer";
				"CODE_SIGN_IDENTITY[sdk=iphoneos*]" = "iPhone Developer";
				DEVELOPMENT_TEAM = 2T5W462SEL;
				INFOPLIST_FILE = multi/Info.plist;
				IPHONEOS_DEPLOYMENT_TARGET = 12.0;
				LD_RUNPATH_SEARCH_PATHS = "$(inherited) @executable_path/Frameworks";
				MARKETING_VERSION = 1.0;
				PRODUCT_BUNDLE_IDENTIFIER = "com.o-r-g.multi";
				PRODUCT_NAME = "$(TARGET_NAME)";
				PROVISIONING_PROFILE = "";
			};
			name = Release;
		};
		2A373EFB1B7AB25D004CFD99 /* Debug */ = {
			isa = XCBuildConfiguration;
			buildSettings = {
				BUNDLE_LOADER = "$(TEST_HOST)";
				FRAMEWORK_SEARCH_PATHS = "";
				GCC_PREPROCESSOR_DEFINITIONS = (
					"DEBUG=1",
					"$(inherited)",
				);
				INFOPLIST_FILE = multiTests/Info.plist;
				LD_RUNPATH_SEARCH_PATHS = "$(inherited) @executable_path/Frameworks @loader_path/Frameworks";
				PRODUCT_BUNDLE_IDENTIFIER = "com.o-r-g.$(PRODUCT_NAME:rfc1034identifier)";
				PRODUCT_NAME = "$(TARGET_NAME)";
				TEST_HOST = "$(BUILT_PRODUCTS_DIR)/multi.app/multi";
			};
			name = Debug;
		};
		2A373EFC1B7AB25D004CFD99 /* Release */ = {
			isa = XCBuildConfiguration;
			buildSettings = {
				BUNDLE_LOADER = "$(TEST_HOST)";
				FRAMEWORK_SEARCH_PATHS = "";
				INFOPLIST_FILE = multiTests/Info.plist;
				LD_RUNPATH_SEARCH_PATHS = "$(inherited) @executable_path/Frameworks @loader_path/Frameworks";
				PRODUCT_BUNDLE_IDENTIFIER = "com.o-r-g.$(PRODUCT_NAME:rfc1034identifier)";
				PRODUCT_NAME = "$(TARGET_NAME)";
				TEST_HOST = "$(BUILT_PRODUCTS_DIR)/multi.app/multi";
			};
			name = Release;
		};
		93C7727B274A9526005EFDEC /* Debug */ = {
			isa = XCBuildConfiguration;
			buildSettings = {
				ASSETCATALOG_COMPILER_APPICON_NAME = AppIcon;
				ASSETCATALOG_COMPILER_GLOBAL_ACCENT_COLOR_NAME = AccentColor;
				CLANG_ANALYZER_NONNULL = YES;
				CLANG_ANALYZER_NUMBER_OBJECT_CONVERSION = YES_AGGRESSIVE;
				CLANG_CXX_LANGUAGE_STANDARD = "gnu++17";
				CLANG_ENABLE_OBJC_WEAK = YES;
				CLANG_WARN_DOCUMENTATION_COMMENTS = YES;
				CLANG_WARN_STRICT_PROTOTYPES = YES;
				CLANG_WARN_UNGUARDED_AVAILABILITY = YES_AGGRESSIVE;
				CODE_SIGN_IDENTITY = "Apple Development";
				"CODE_SIGN_IDENTITY[sdk=iphoneos*]" = "iPhone Developer";
				CODE_SIGN_STYLE = Automatic;
				CURRENT_PROJECT_VERSION = 1;
				DEBUG_INFORMATION_FORMAT = dwarf;
				DEVELOPMENT_TEAM = 2T5W462SEL;
				GCC_C_LANGUAGE_STANDARD = gnu11;
				GENERATE_INFOPLIST_FILE = YES;
				IBSC_MODULE = watch_WatchKit_Extension;
				INFOPLIST_KEY_LSApplicationCategoryType = "";
				INFOPLIST_KEY_UISupportedInterfaceOrientations = "UIInterfaceOrientationPortrait UIInterfaceOrientationPortraitUpsideDown";
				INFOPLIST_KEY_WKCompanionAppBundleIdentifier = "com.o-r-g.multi";
				MARKETING_VERSION = 1.0;
				MTL_ENABLE_DEBUG_INFO = INCLUDE_SOURCE;
				MTL_FAST_MATH = YES;
				PRODUCT_BUNDLE_IDENTIFIER = "com.o-r-g.multi.watchkitapp";
				PRODUCT_NAME = Multi;
				PROVISIONING_PROFILE_SPECIFIER = "";
				SDKROOT = watchos;
				SKIP_INSTALL = YES;
				SWIFT_EMIT_LOC_STRINGS = YES;
				TARGETED_DEVICE_FAMILY = 4;
				WATCHOS_DEPLOYMENT_TARGET = 8.0;
			};
			name = Debug;
		};
		93C7727C274A9526005EFDEC /* Release */ = {
			isa = XCBuildConfiguration;
			buildSettings = {
				ASSETCATALOG_COMPILER_APPICON_NAME = AppIcon;
				ASSETCATALOG_COMPILER_GLOBAL_ACCENT_COLOR_NAME = AccentColor;
				CLANG_ANALYZER_NONNULL = YES;
				CLANG_ANALYZER_NUMBER_OBJECT_CONVERSION = YES_AGGRESSIVE;
				CLANG_CXX_LANGUAGE_STANDARD = "gnu++17";
				CLANG_ENABLE_OBJC_WEAK = YES;
				CLANG_WARN_DOCUMENTATION_COMMENTS = YES;
				CLANG_WARN_STRICT_PROTOTYPES = YES;
				CLANG_WARN_UNGUARDED_AVAILABILITY = YES_AGGRESSIVE;
				CODE_SIGN_IDENTITY = "Apple Development";
				"CODE_SIGN_IDENTITY[sdk=iphoneos*]" = "iPhone Developer";
				CODE_SIGN_STYLE = Automatic;
				CURRENT_PROJECT_VERSION = 1;
				DEVELOPMENT_TEAM = 2T5W462SEL;
				GCC_C_LANGUAGE_STANDARD = gnu11;
				GENERATE_INFOPLIST_FILE = YES;
				IBSC_MODULE = watch_WatchKit_Extension;
				INFOPLIST_KEY_LSApplicationCategoryType = "";
				INFOPLIST_KEY_UISupportedInterfaceOrientations = "UIInterfaceOrientationPortrait UIInterfaceOrientationPortraitUpsideDown";
				INFOPLIST_KEY_WKCompanionAppBundleIdentifier = "com.o-r-g.multi";
				MARKETING_VERSION = 1.0;
				MTL_FAST_MATH = YES;
				PRODUCT_BUNDLE_IDENTIFIER = "com.o-r-g.multi.watchkitapp";
				PRODUCT_NAME = Multi;
				PROVISIONING_PROFILE_SPECIFIER = "";
				SDKROOT = watchos;
				SKIP_INSTALL = YES;
				SWIFT_EMIT_LOC_STRINGS = YES;
				TARGETED_DEVICE_FAMILY = 4;
				WATCHOS_DEPLOYMENT_TARGET = 8.0;
			};
			name = Release;
		};
		93C7727E274A9526005EFDEC /* Debug */ = {
			isa = XCBuildConfiguration;
			buildSettings = {
				ASSETCATALOG_COMPILER_COMPLICATION_NAME = Complication;
				CLANG_ANALYZER_NONNULL = YES;
				CLANG_ANALYZER_NUMBER_OBJECT_CONVERSION = YES_AGGRESSIVE;
				CLANG_CXX_LANGUAGE_STANDARD = "gnu++17";
				CLANG_ENABLE_OBJC_WEAK = YES;
				CLANG_WARN_DOCUMENTATION_COMMENTS = YES;
				CLANG_WARN_STRICT_PROTOTYPES = YES;
				CLANG_WARN_UNGUARDED_AVAILABILITY = YES_AGGRESSIVE;
				CODE_SIGN_STYLE = Automatic;
				CURRENT_PROJECT_VERSION = 1;
				DEBUG_INFORMATION_FORMAT = dwarf;
				DEVELOPMENT_TEAM = 2T5W462SEL;
				GCC_C_LANGUAGE_STANDARD = gnu11;
				GENERATE_INFOPLIST_FILE = YES;
				INFOPLIST_FILE = "watch WatchKit Extension/Info.plist";
				INFOPLIST_KEY_CFBundleDisplayName = "watch WatchKit Extension";
				INFOPLIST_KEY_CLKComplicationPrincipalClass = ComplicationController;
				INFOPLIST_KEY_NSHumanReadableCopyright = "Copyright © 2021 O-R-G, Inc. All rights reserved.";
				INFOPLIST_KEY_WKExtensionDelegateClassName = ExtensionDelegate;
				INFOPLIST_KEY_WKRunsIndependentlyOfCompanionApp = YES;
				LD_RUNPATH_SEARCH_PATHS = "$(inherited) @executable_path/Frameworks @executable_path/../../Frameworks";
				MARKETING_VERSION = 1.0;
				MTL_ENABLE_DEBUG_INFO = INCLUDE_SOURCE;
				MTL_FAST_MATH = YES;
				PRODUCT_BUNDLE_IDENTIFIER = "com.o-r-g.multi.watchkitapp.watchkitappextension";
				PRODUCT_NAME = "${TARGET_NAME}";
				SDKROOT = watchos;
				SKIP_INSTALL = YES;
				SWIFT_EMIT_LOC_STRINGS = YES;
				TARGETED_DEVICE_FAMILY = 4;
				WATCHOS_DEPLOYMENT_TARGET = 8.0;
			};
			name = Debug;
		};
		93C7727F274A9526005EFDEC /* Release */ = {
			isa = XCBuildConfiguration;
			buildSettings = {
				ASSETCATALOG_COMPILER_COMPLICATION_NAME = Complication;
				CLANG_ANALYZER_NONNULL = YES;
				CLANG_ANALYZER_NUMBER_OBJECT_CONVERSION = YES_AGGRESSIVE;
				CLANG_CXX_LANGUAGE_STANDARD = "gnu++17";
				CLANG_ENABLE_OBJC_WEAK = YES;
				CLANG_WARN_DOCUMENTATION_COMMENTS = YES;
				CLANG_WARN_STRICT_PROTOTYPES = YES;
				CLANG_WARN_UNGUARDED_AVAILABILITY = YES_AGGRESSIVE;
				CODE_SIGN_STYLE = Automatic;
				CURRENT_PROJECT_VERSION = 1;
				DEVELOPMENT_TEAM = 2T5W462SEL;
				GCC_C_LANGUAGE_STANDARD = gnu11;
				GENERATE_INFOPLIST_FILE = YES;
				INFOPLIST_FILE = "watch WatchKit Extension/Info.plist";
				INFOPLIST_KEY_CFBundleDisplayName = "watch WatchKit Extension";
				INFOPLIST_KEY_CLKComplicationPrincipalClass = ComplicationController;
				INFOPLIST_KEY_NSHumanReadableCopyright = "Copyright © 2021 O-R-G, Inc. All rights reserved.";
				INFOPLIST_KEY_WKExtensionDelegateClassName = ExtensionDelegate;
				INFOPLIST_KEY_WKRunsIndependentlyOfCompanionApp = YES;
				LD_RUNPATH_SEARCH_PATHS = "$(inherited) @executable_path/Frameworks @executable_path/../../Frameworks";
				MARKETING_VERSION = 1.0;
				MTL_FAST_MATH = YES;
				PRODUCT_BUNDLE_IDENTIFIER = "com.o-r-g.multi.watchkitapp.watchkitappextension";
				PRODUCT_NAME = "${TARGET_NAME}";
				SDKROOT = watchos;
				SKIP_INSTALL = YES;
				SWIFT_EMIT_LOC_STRINGS = YES;
				TARGETED_DEVICE_FAMILY = 4;
				WATCHOS_DEPLOYMENT_TARGET = 8.0;
			};
			name = Release;
		};
		93C77280274A9526005EFDEC /* Debug */ = {
			isa = XCBuildConfiguration;
			buildSettings = {
				BUNDLE_LOADER = "$(TEST_HOST)";
				CLANG_ANALYZER_NONNULL = YES;
				CLANG_ANALYZER_NUMBER_OBJECT_CONVERSION = YES_AGGRESSIVE;
				CLANG_CXX_LANGUAGE_STANDARD = "gnu++17";
				CLANG_ENABLE_OBJC_WEAK = YES;
				CLANG_WARN_DOCUMENTATION_COMMENTS = YES;
				CLANG_WARN_STRICT_PROTOTYPES = YES;
				CLANG_WARN_UNGUARDED_AVAILABILITY = YES_AGGRESSIVE;
				CODE_SIGN_STYLE = Automatic;
				CURRENT_PROJECT_VERSION = 1;
				DEBUG_INFORMATION_FORMAT = dwarf;
				DEVELOPMENT_TEAM = 2T5W462SEL;
				GCC_C_LANGUAGE_STANDARD = gnu11;
				GENERATE_INFOPLIST_FILE = YES;
				LD_RUNPATH_SEARCH_PATHS = "$(inherited) @executable_path/Frameworks @loader_path/Frameworks";
				MARKETING_VERSION = 1.0;
				MTL_ENABLE_DEBUG_INFO = INCLUDE_SOURCE;
				MTL_FAST_MATH = YES;
				PRODUCT_BUNDLE_IDENTIFIER = "com.o-r-g.multi.watchTests";
				PRODUCT_NAME = "$(TARGET_NAME)";
				SDKROOT = watchos;
				SWIFT_EMIT_LOC_STRINGS = NO;
				TARGETED_DEVICE_FAMILY = 4;
				TEST_HOST = "$(BUILT_PRODUCTS_DIR)/watch WatchKit Extension.appex/watch WatchKit Extension";
				WATCHOS_DEPLOYMENT_TARGET = 8.0;
			};
			name = Debug;
		};
		93C77281274A9526005EFDEC /* Release */ = {
			isa = XCBuildConfiguration;
			buildSettings = {
				BUNDLE_LOADER = "$(TEST_HOST)";
				CLANG_ANALYZER_NONNULL = YES;
				CLANG_ANALYZER_NUMBER_OBJECT_CONVERSION = YES_AGGRESSIVE;
				CLANG_CXX_LANGUAGE_STANDARD = "gnu++17";
				CLANG_ENABLE_OBJC_WEAK = YES;
				CLANG_WARN_DOCUMENTATION_COMMENTS = YES;
				CLANG_WARN_STRICT_PROTOTYPES = YES;
				CLANG_WARN_UNGUARDED_AVAILABILITY = YES_AGGRESSIVE;
				CODE_SIGN_STYLE = Automatic;
				CURRENT_PROJECT_VERSION = 1;
				DEVELOPMENT_TEAM = 2T5W462SEL;
				GCC_C_LANGUAGE_STANDARD = gnu11;
				GENERATE_INFOPLIST_FILE = YES;
				LD_RUNPATH_SEARCH_PATHS = "$(inherited) @executable_path/Frameworks @loader_path/Frameworks";
				MARKETING_VERSION = 1.0;
				MTL_FAST_MATH = YES;
				PRODUCT_BUNDLE_IDENTIFIER = "com.o-r-g.multi.watchTests";
				PRODUCT_NAME = "$(TARGET_NAME)";
				SDKROOT = watchos;
				SWIFT_EMIT_LOC_STRINGS = NO;
				TARGETED_DEVICE_FAMILY = 4;
				TEST_HOST = "$(BUILT_PRODUCTS_DIR)/watch WatchKit Extension.appex/watch WatchKit Extension";
				WATCHOS_DEPLOYMENT_TARGET = 8.0;
			};
			name = Release;
		};
		93C77282274A9526005EFDEC /* Debug */ = {
			isa = XCBuildConfiguration;
			buildSettings = {
				CLANG_ANALYZER_NONNULL = YES;
				CLANG_ANALYZER_NUMBER_OBJECT_CONVERSION = YES_AGGRESSIVE;
				CLANG_CXX_LANGUAGE_STANDARD = "gnu++17";
				CLANG_ENABLE_OBJC_WEAK = YES;
				CLANG_WARN_DOCUMENTATION_COMMENTS = YES;
				CLANG_WARN_STRICT_PROTOTYPES = YES;
				CLANG_WARN_UNGUARDED_AVAILABILITY = YES_AGGRESSIVE;
				CODE_SIGN_STYLE = Automatic;
				CURRENT_PROJECT_VERSION = 1;
				DEBUG_INFORMATION_FORMAT = dwarf;
				DEVELOPMENT_TEAM = 2T5W462SEL;
				GCC_C_LANGUAGE_STANDARD = gnu11;
				GENERATE_INFOPLIST_FILE = YES;
				LD_RUNPATH_SEARCH_PATHS = "$(inherited) @executable_path/Frameworks @loader_path/Frameworks";
				MARKETING_VERSION = 1.0;
				MTL_ENABLE_DEBUG_INFO = INCLUDE_SOURCE;
				MTL_FAST_MATH = YES;
				PRODUCT_BUNDLE_IDENTIFIER = "com.o-r-g.multi.watchUITests";
				PRODUCT_NAME = "$(TARGET_NAME)";
				SDKROOT = watchos;
				SWIFT_EMIT_LOC_STRINGS = NO;
				TARGETED_DEVICE_FAMILY = 4;
				TEST_TARGET_NAME = watch;
				WATCHOS_DEPLOYMENT_TARGET = 8.0;
			};
			name = Debug;
		};
		93C77283274A9526005EFDEC /* Release */ = {
			isa = XCBuildConfiguration;
			buildSettings = {
				CLANG_ANALYZER_NONNULL = YES;
				CLANG_ANALYZER_NUMBER_OBJECT_CONVERSION = YES_AGGRESSIVE;
				CLANG_CXX_LANGUAGE_STANDARD = "gnu++17";
				CLANG_ENABLE_OBJC_WEAK = YES;
				CLANG_WARN_DOCUMENTATION_COMMENTS = YES;
				CLANG_WARN_STRICT_PROTOTYPES = YES;
				CLANG_WARN_UNGUARDED_AVAILABILITY = YES_AGGRESSIVE;
				CODE_SIGN_STYLE = Automatic;
				CURRENT_PROJECT_VERSION = 1;
				DEVELOPMENT_TEAM = 2T5W462SEL;
				GCC_C_LANGUAGE_STANDARD = gnu11;
				GENERATE_INFOPLIST_FILE = YES;
				LD_RUNPATH_SEARCH_PATHS = "$(inherited) @executable_path/Frameworks @loader_path/Frameworks";
				MARKETING_VERSION = 1.0;
				MTL_FAST_MATH = YES;
				PRODUCT_BUNDLE_IDENTIFIER = "com.o-r-g.multi.watchUITests";
				PRODUCT_NAME = "$(TARGET_NAME)";
				SDKROOT = watchos;
				SWIFT_EMIT_LOC_STRINGS = NO;
				TARGETED_DEVICE_FAMILY = 4;
				TEST_TARGET_NAME = watch;
				WATCHOS_DEPLOYMENT_TARGET = 8.0;
			};
			name = Release;
		};
/* End XCBuildConfiguration section */

/* Begin XCConfigurationList section */
		2A373ECF1B7AB25D004CFD99 /* Build configuration list for PBXProject "multi" */ = {
			isa = XCConfigurationList;
			buildConfigurations = (
				2A373EF51B7AB25D004CFD99 /* Debug */,
				2A373EF61B7AB25D004CFD99 /* Release */,
			);
			defaultConfigurationIsVisible = 0;
			defaultConfigurationName = Release;
		};
		2A373EF71B7AB25D004CFD99 /* Build configuration list for PBXNativeTarget "multi" */ = {
			isa = XCConfigurationList;
			buildConfigurations = (
				2A373EF81B7AB25D004CFD99 /* Debug */,
				2A373EF91B7AB25D004CFD99 /* Release */,
			);
			defaultConfigurationIsVisible = 0;
			defaultConfigurationName = Release;
		};
		2A373EFA1B7AB25D004CFD99 /* Build configuration list for PBXNativeTarget "multiTests" */ = {
			isa = XCConfigurationList;
			buildConfigurations = (
				2A373EFB1B7AB25D004CFD99 /* Debug */,
				2A373EFC1B7AB25D004CFD99 /* Release */,
			);
			defaultConfigurationIsVisible = 0;
			defaultConfigurationName = Release;
		};
		93C77284274A9526005EFDEC /* Build configuration list for PBXNativeTarget "watch WatchKit Extension" */ = {
			isa = XCConfigurationList;
			buildConfigurations = (
				93C7727E274A9526005EFDEC /* Debug */,
				93C7727F274A9526005EFDEC /* Release */,
			);
			defaultConfigurationIsVisible = 0;
			defaultConfigurationName = Release;
		};
		93C77285274A9526005EFDEC /* Build configuration list for PBXNativeTarget "watch" */ = {
			isa = XCConfigurationList;
			buildConfigurations = (
				93C7727B274A9526005EFDEC /* Debug */,
				93C7727C274A9526005EFDEC /* Release */,
			);
			defaultConfigurationIsVisible = 0;
			defaultConfigurationName = Release;
		};
		93C77286274A9526005EFDEC /* Build configuration list for PBXNativeTarget "watchTests" */ = {
			isa = XCConfigurationList;
			buildConfigurations = (
				93C77280274A9526005EFDEC /* Debug */,
				93C77281274A9526005EFDEC /* Release */,
			);
			defaultConfigurationIsVisible = 0;
			defaultConfigurationName = Release;
		};
		93C77287274A9526005EFDEC /* Build configuration list for PBXNativeTarget "watchUITests" */ = {
			isa = XCConfigurationList;
			buildConfigurations = (
				93C77282274A9526005EFDEC /* Debug */,
				93C77283274A9526005EFDEC /* Release */,
			);
			defaultConfigurationIsVisible = 0;
			defaultConfigurationName = Release;
		};
/* End XCConfigurationList section */
	};
	rootObject = 2A373ECC1B7AB25D004CFD99 /* Project object */;
}
